
Microsoft Visual Studio Solution File, Format Version 12.00
# Visual Studio Version 17
VisualStudioVersion = 17.8.34330.188
MinimumVisualStudioVersion = 10.0.40219.1
Project("{9A19103F-16F7-4668-BE54-9A1E7A4F7556}") = "LogBookMaui", "LogBookMaui\LogBookMaui.csproj", "{25461634-9A54-42EC-87E6-FFA52EF10304}"
EndProject
Project("{9A19103F-16F7-4668-BE54-9A1E7A4F7556}") = "LogBook.Cli", "LogBook.Cli\LogBook.Cli.csproj", "{C790E9A5-027B-4F26-BC0D-4FDFA10BE0FB}"
EndProject
Global
	GlobalSection(SolutionConfigurationPlatforms) = preSolution
		Debug|Any CPU = Debug|Any CPU
		Release|Any CPU = Release|Any CPU
	EndGlobalSection
	GlobalSection(ProjectConfigurationPlatforms) = postSolution
		{25461634-9A54-42EC-87E6-FFA52EF10304}.Debug|Any CPU.ActiveCfg = Debug|Any CPU
		{25461634-9A54-42EC-87E6-FFA52EF10304}.Debug|Any CPU.Build.0 = Debug|Any CPU
		{25461634-9A54-42EC-87E6-FFA52EF10304}.Debug|Any CPU.Deploy.0 = Debug|Any CPU
		{25461634-9A54-42EC-87E6-FFA52EF10304}.Release|Any CPU.ActiveCfg = Release|Any CPU
		{25461634-9A54-42EC-87E6-FFA52EF10304}.Release|Any CPU.Build.0 = Release|Any CPU
		{25461634-9A54-42EC-87E6-FFA52EF10304}.Release|Any CPU.Deploy.0 = Release|Any CPU
		{C790E9A5-027B-4F26-BC0D-4FDFA10BE0FB}.Debug|Any CPU.ActiveCfg = Debug|Any CPU
		{C790E9A5-027B-4F26-BC0D-4FDFA10BE0FB}.Debug|Any CPU.Build.0 = Debug|Any CPU
		{C790E9A5-027B-4F26-BC0D-4FDFA10BE0FB}.Release|Any CPU.ActiveCfg = Release|Any CPU
		{C790E9A5-027B-4F26-BC0D-4FDFA10BE0FB}.Release|Any CPU.Build.0 = Release|Any CPU
	EndGlobalSection
	GlobalSection(SolutionProperties) = preSolution
		HideSolutionNode = FALSE
	EndGlobalSection
	GlobalSection(ExtensibilityGlobals) = postSolution
		SolutionGuid = {E4B4D8C0-7B7C-4735-97D3-7B88E3E937AF}
	EndGlobalSection
EndGlobal
